
Microsoft Visual Studio Solution File, Format Version 12.00
# Visual Studio Version 17
VisualStudioVersion = 17.8.34525.116
MinimumVisualStudioVersion = 10.0.40219.1
Project("{FAE04EC0-301F-11D3-BF4B-00C04F79EFBC}") = "Personel Yönetim Sistemi", "Personel Yönetim Sistemi\Personel Yönetim Sistemi.csproj", "{6F891B69-695B-409D-8474-D215E0248C24}"
EndProject
Global
	GlobalSection(SolutionConfigurationPlatforms) = preSolution
		Debug|Any CPU = Debug|Any CPU
		Release|Any CPU = Release|Any CPU
	EndGlobalSection
	GlobalSection(ProjectConfigurationPlatforms) = postSolution
		{6F891B69-695B-409D-8474-D215E0248C24}.Debug|Any CPU.ActiveCfg = Debug|Any CPU
		{6F891B69-695B-409D-8474-D215E0248C24}.Debug|Any CPU.Build.0 = Debug|Any CPU
		{6F891B69-695B-409D-8474-D215E0248C24}.Release|Any CPU.ActiveCfg = Release|Any CPU
		{6F891B69-695B-409D-8474-D215E0248C24}.Release|Any CPU.Build.0 = Release|Any CPU
	EndGlobalSection
	GlobalSection(SolutionProperties) = preSolution
		HideSolutionNode = FALSE
	EndGlobalSection
	GlobalSection(ExtensibilityGlobals) = postSolution
		SolutionGuid = {5DCF28B6-7202-4870-8700-E2D2D1D61368}
	EndGlobalSection
EndGlobal
